
Microsoft Visual Studio Solution File, Format Version 12.00
# Visual Studio 15
Project("{FAE04EC0-301F-11D3-BF4B-00C04F79EFBC}") = "LogisticsAPI", "LogisticsAPI\LogisticsAPI.csproj", "{F4040BD5-D6E2-4C09-9D73-05B54D394D66}"
EndProject
Project("{FAE04EC0-301F-11D3-BF4B-00C04F79EFBC}") = "LogisticsCore", "LogisticsCore\LogisticsCore.csproj", "{90F1A4CE-CDB6-496E-9EC1-98D48E060D74}"
EndProject
Project("{FAE04EC0-301F-11D3-BF4B-00C04F79EFBC}") = "LogisticsDomain", "LogisticsDomain\LogisticsDomain.csproj", "{6913CB0F-8EC6-438C-BFAB-F9C12EEC6560}"
EndProject
Project("{FAE04EC0-301F-11D3-BF4B-00C04F79EFBC}") = "LogisticsBusiness", "LogisticsBusiness\LogisticsBusiness.csproj", "{B500D77D-1889-41DB-B970-F6118288CD96}"
EndProject
Global
	GlobalSection(SolutionConfigurationPlatforms) = preSolution
		Debug|Any CPU = Debug|Any CPU
		Release|Any CPU = Release|Any CPU
	EndGlobalSection
	GlobalSection(ProjectConfigurationPlatforms) = postSolution
		{F4040BD5-D6E2-4C09-9D73-05B54D394D66}.Debug|Any CPU.ActiveCfg = Debug|Any CPU
		{F4040BD5-D6E2-4C09-9D73-05B54D394D66}.Debug|Any CPU.Build.0 = Debug|Any CPU
		{F4040BD5-D6E2-4C09-9D73-05B54D394D66}.Release|Any CPU.ActiveCfg = Release|Any CPU
		{F4040BD5-D6E2-4C09-9D73-05B54D394D66}.Release|Any CPU.Build.0 = Release|Any CPU
		{90F1A4CE-CDB6-496E-9EC1-98D48E060D74}.Debug|Any CPU.ActiveCfg = Debug|Any CPU
		{90F1A4CE-CDB6-496E-9EC1-98D48E060D74}.Debug|Any CPU.Build.0 = Debug|Any CPU
		{90F1A4CE-CDB6-496E-9EC1-98D48E060D74}.Release|Any CPU.ActiveCfg = Release|Any CPU
		{90F1A4CE-CDB6-496E-9EC1-98D48E060D74}.Release|Any CPU.Build.0 = Release|Any CPU
		{6913CB0F-8EC6-438C-BFAB-F9C12EEC6560}.Debug|Any CPU.ActiveCfg = Debug|Any CPU
		{6913CB0F-8EC6-438C-BFAB-F9C12EEC6560}.Debug|Any CPU.Build.0 = Debug|Any CPU
		{6913CB0F-8EC6-438C-BFAB-F9C12EEC6560}.Release|Any CPU.ActiveCfg = Release|Any CPU
		{6913CB0F-8EC6-438C-BFAB-F9C12EEC6560}.Release|Any CPU.Build.0 = Release|Any CPU
		{B500D77D-1889-41DB-B970-F6118288CD96}.Debug|Any CPU.ActiveCfg = Debug|Any CPU
		{B500D77D-1889-41DB-B970-F6118288CD96}.Debug|Any CPU.Build.0 = Debug|Any CPU
		{B500D77D-1889-41DB-B970-F6118288CD96}.Release|Any CPU.ActiveCfg = Release|Any CPU
		{B500D77D-1889-41DB-B970-F6118288CD96}.Release|Any CPU.Build.0 = Release|Any CPU
	EndGlobalSection
EndGlobal
